
Microsoft Visual Studio Solution File, Format Version 12.00
# Visual Studio 15
VisualStudioVersion = 15.0.28307.1000
MinimumVisualStudioVersion = 10.0.40219.1
Project("{FAE04EC0-301F-11D3-BF4B-00C04F79EFBC}") = "MsgFileMultSocketServer", "MsgFileMultSocketServer\MsgFileMultSocketServer.csproj", "{AECB5F3D-DFF2-4124-AEFE-EAE873E56231}"
EndProject
Global
	GlobalSection(SolutionConfigurationPlatforms) = preSolution
		Debug|Any CPU = Debug|Any CPU
		Release|Any CPU = Release|Any CPU
	EndGlobalSection
	GlobalSection(ProjectConfigurationPlatforms) = postSolution
		{AECB5F3D-DFF2-4124-AEFE-EAE873E56231}.Debug|Any CPU.ActiveCfg = Debug|Any CPU
		{AECB5F3D-DFF2-4124-AEFE-EAE873E56231}.Debug|Any CPU.Build.0 = Debug|Any CPU
		{AECB5F3D-DFF2-4124-AEFE-EAE873E56231}.Release|Any CPU.ActiveCfg = Release|Any CPU
		{AECB5F3D-DFF2-4124-AEFE-EAE873E56231}.Release|Any CPU.Build.0 = Release|Any CPU
	EndGlobalSection
	GlobalSection(SolutionProperties) = preSolution
		HideSolutionNode = FALSE
	EndGlobalSection
	GlobalSection(ExtensibilityGlobals) = postSolution
		SolutionGuid = {D5AEFEB3-E2B6-4C8E-9B30-6B68F2724FFD}
	EndGlobalSection
EndGlobal
